
Microsoft Visual Studio Solution File, Format Version 12.00
# Visual Studio Version 16
VisualStudioVersion = 16.0.30317.65
MinimumVisualStudioVersion = 10.0.40219.1
Project("{9A19103F-16F7-4668-BE54-9A1E7A4F7556}") = "CdManager.Model", "CdManager.Model\CdManager.Model.csproj", "{493810CF-975A-416B-90B2-DBD5BFD7539B}"
EndProject
Project("{9A19103F-16F7-4668-BE54-9A1E7A4F7556}") = "Utils", "Utils\Utils.csproj", "{A0EAB1B7-C2E6-489C-88C9-3A9ADCDE4F50}"
EndProject
Project("{FAE04EC0-301F-11D3-BF4B-00C04F79EFBC}") = "CdManager.Wpf", "CdManager.Wpf\CdManager.Wpf.csproj", "{64C8DC18-CE7A-415D-96FC-07BC991F6E6F}"
EndProject
Global
	GlobalSection(SolutionConfigurationPlatforms) = preSolution
		Debug|Any CPU = Debug|Any CPU
		Release|Any CPU = Release|Any CPU
	EndGlobalSection
	GlobalSection(ProjectConfigurationPlatforms) = postSolution
		{493810CF-975A-416B-90B2-DBD5BFD7539B}.Debug|Any CPU.ActiveCfg = Debug|Any CPU
		{493810CF-975A-416B-90B2-DBD5BFD7539B}.Debug|Any CPU.Build.0 = Debug|Any CPU
		{493810CF-975A-416B-90B2-DBD5BFD7539B}.Release|Any CPU.ActiveCfg = Release|Any CPU
		{493810CF-975A-416B-90B2-DBD5BFD7539B}.Release|Any CPU.Build.0 = Release|Any CPU
		{A0EAB1B7-C2E6-489C-88C9-3A9ADCDE4F50}.Debug|Any CPU.ActiveCfg = Debug|Any CPU
		{A0EAB1B7-C2E6-489C-88C9-3A9ADCDE4F50}.Debug|Any CPU.Build.0 = Debug|Any CPU
		{A0EAB1B7-C2E6-489C-88C9-3A9ADCDE4F50}.Release|Any CPU.ActiveCfg = Release|Any CPU
		{A0EAB1B7-C2E6-489C-88C9-3A9ADCDE4F50}.Release|Any CPU.Build.0 = Release|Any CPU
		{64C8DC18-CE7A-415D-96FC-07BC991F6E6F}.Debug|Any CPU.ActiveCfg = Debug|Any CPU
		{64C8DC18-CE7A-415D-96FC-07BC991F6E6F}.Debug|Any CPU.Build.0 = Debug|Any CPU
		{64C8DC18-CE7A-415D-96FC-07BC991F6E6F}.Release|Any CPU.ActiveCfg = Release|Any CPU
		{64C8DC18-CE7A-415D-96FC-07BC991F6E6F}.Release|Any CPU.Build.0 = Release|Any CPU
	EndGlobalSection
	GlobalSection(SolutionProperties) = preSolution
		HideSolutionNode = FALSE
	EndGlobalSection
	GlobalSection(ExtensibilityGlobals) = postSolution
		SolutionGuid = {B6386E6A-2884-40DE-AFF8-69C0B801ABF1}
	EndGlobalSection
EndGlobal
